{
  "name": "imagetag-prune",
  "version": "1.0.0",
  "lockfileVersion": 3,
  "requires": true,
  "packages": {
    "": {
      "name": "imagetag-prune",
      "version": "1.0.0",
      "dependencies": {
        "phin": "^3.6.1"
      }
    },
    "node_modules/centra": {
      "version": "2.6.0",
      "license": "MIT"
    },
    "node_modules/phin": {
      "version": "3.7.0",
      "license": "MIT",
      "dependencies": {
        "centra": "^2.6.0"
      },
      "engines": {
        "node": ">= 8"
      }
    }
  }
}
